
Microsoft Visual Studio Solution File, Format Version 12.00
# Visual Studio Version 16
VisualStudioVersion = 16.0.29519.87
MinimumVisualStudioVersion = 10.0.40219.1
Project("{9A19103F-16F7-4668-BE54-9A1E7A4F7556}") = "Billing.UnitTests", "Billing.API.UnitTests\Billing.UnitTests.csproj", "{E93F525A-90D8-49BC-862B-71C507B55AFF}"
EndProject
Project("{9A19103F-16F7-4668-BE54-9A1E7A4F7556}") = "Billing.Core", "Billing.Core\Billing.Core.csproj", "{8FE2046F-08AB-44BB-8BEC-367290B8941E}"
EndProject
Project("{FAE04EC0-301F-11D3-BF4B-00C04F79EFBC}") = "Billing.Web", "Billing.Web\Billing.Web.csproj", "{B5EDD7E2-941E-43B9-BCB3-344C3C4C6D46}"
EndProject
Global
	GlobalSection(SolutionConfigurationPlatforms) = preSolution
		Debug|Any CPU = Debug|Any CPU
		Release|Any CPU = Release|Any CPU
	EndGlobalSection
	GlobalSection(ProjectConfigurationPlatforms) = postSolution
		{E93F525A-90D8-49BC-862B-71C507B55AFF}.Debug|Any CPU.ActiveCfg = Debug|Any CPU
		{E93F525A-90D8-49BC-862B-71C507B55AFF}.Debug|Any CPU.Build.0 = Debug|Any CPU
		{E93F525A-90D8-49BC-862B-71C507B55AFF}.Release|Any CPU.ActiveCfg = Release|Any CPU
		{E93F525A-90D8-49BC-862B-71C507B55AFF}.Release|Any CPU.Build.0 = Release|Any CPU
		{8FE2046F-08AB-44BB-8BEC-367290B8941E}.Debug|Any CPU.ActiveCfg = Debug|Any CPU
		{8FE2046F-08AB-44BB-8BEC-367290B8941E}.Debug|Any CPU.Build.0 = Debug|Any CPU
		{8FE2046F-08AB-44BB-8BEC-367290B8941E}.Release|Any CPU.ActiveCfg = Release|Any CPU
		{8FE2046F-08AB-44BB-8BEC-367290B8941E}.Release|Any CPU.Build.0 = Release|Any CPU
		{B5EDD7E2-941E-43B9-BCB3-344C3C4C6D46}.Debug|Any CPU.ActiveCfg = Debug|Any CPU
		{B5EDD7E2-941E-43B9-BCB3-344C3C4C6D46}.Debug|Any CPU.Build.0 = Debug|Any CPU
		{B5EDD7E2-941E-43B9-BCB3-344C3C4C6D46}.Release|Any CPU.ActiveCfg = Release|Any CPU
		{B5EDD7E2-941E-43B9-BCB3-344C3C4C6D46}.Release|Any CPU.Build.0 = Release|Any CPU
	EndGlobalSection
	GlobalSection(SolutionProperties) = preSolution
		HideSolutionNode = FALSE
	EndGlobalSection
	GlobalSection(ExtensibilityGlobals) = postSolution
		SolutionGuid = {C05151D9-BDF5-40D4-A11D-43299D895251}
	EndGlobalSection
EndGlobal
